
Microsoft Visual Studio Solution File, Format Version 12.00
# Visual Studio Version 17
VisualStudioVersion = 17.13.35825.156 d17.13
MinimumVisualStudioVersion = 10.0.40219.1
Project("{FAE04EC0-301F-11D3-BF4B-00C04F79EFBC}") = "StankinApp", "StankinApp.csproj", "{8C12B7A6-4C14-49AC-BA23-271DFA382DF5}"
EndProject
Project("{FAE04EC0-301F-11D3-BF4B-00C04F79EFBC}") = "StankinApp.Core", "..\StankinApp.Core\StankinApp.Core.csproj", "{0400F02E-4F00-3401-0C67-9D7B90EE286B}"
EndProject
Project("{FAE04EC0-301F-11D3-BF4B-00C04F79EFBC}") = "StankinApp.Core.Tests", "..\StankinApp.Core.Tests\StankinApp.Core.Tests.csproj", "{62E5773F-439B-A25B-6181-8A48CF5A5F82}"
EndProject
Global
	GlobalSection(SolutionConfigurationPlatforms) = preSolution
		Debug|Any CPU = Debug|Any CPU
		Release|Any CPU = Release|Any CPU
	EndGlobalSection
	GlobalSection(ProjectConfigurationPlatforms) = postSolution
		{8C12B7A6-4C14-49AC-BA23-271DFA382DF5}.Debug|Any CPU.ActiveCfg = Debug|Any CPU
		{8C12B7A6-4C14-49AC-BA23-271DFA382DF5}.Debug|Any CPU.Build.0 = Debug|Any CPU
		{8C12B7A6-4C14-49AC-BA23-271DFA382DF5}.Debug|Any CPU.Deploy.0 = Debug|Any CPU
		{8C12B7A6-4C14-49AC-BA23-271DFA382DF5}.Release|Any CPU.ActiveCfg = Release|Any CPU
		{8C12B7A6-4C14-49AC-BA23-271DFA382DF5}.Release|Any CPU.Build.0 = Release|Any CPU
		{0400F02E-4F00-3401-0C67-9D7B90EE286B}.Debug|Any CPU.ActiveCfg = Debug|Any CPU
		{0400F02E-4F00-3401-0C67-9D7B90EE286B}.Debug|Any CPU.Build.0 = Debug|Any CPU
		{0400F02E-4F00-3401-0C67-9D7B90EE286B}.Release|Any CPU.ActiveCfg = Release|Any CPU
		{0400F02E-4F00-3401-0C67-9D7B90EE286B}.Release|Any CPU.Build.0 = Release|Any CPU
		{62E5773F-439B-A25B-6181-8A48CF5A5F82}.Debug|Any CPU.ActiveCfg = Debug|Any CPU
		{62E5773F-439B-A25B-6181-8A48CF5A5F82}.Debug|Any CPU.Build.0 = Debug|Any CPU
		{62E5773F-439B-A25B-6181-8A48CF5A5F82}.Release|Any CPU.ActiveCfg = Release|Any CPU
		{62E5773F-439B-A25B-6181-8A48CF5A5F82}.Release|Any CPU.Build.0 = Release|Any CPU
	EndGlobalSection
	GlobalSection(SolutionProperties) = preSolution
		HideSolutionNode = FALSE
	EndGlobalSection
	GlobalSection(ExtensibilityGlobals) = postSolution
		SolutionGuid = {27E2A6B2-8EB4-4977-B6D5-28DD24B5200C}
	EndGlobalSection
EndGlobal
